Microsoft Visual Studio Solution File, Format Version 12.00
# Visual Studio Version 17
VisualStudioVersion = 17.5.2.0
MinimumVisualStudioVersion = 10.0.40219.1
Project("{FAE04EC0-301F-11D3-BF4B-00C04F79EFBC}") = "DungeonSlime", "DungeonSlime\DungeonSlime.csproj", "{FFBFA571-1DE1-81DB-8BAF-4C7CB40F6D65}"
EndProject
Project("{FAE04EC0-301F-11D3-BF4B-00C04F79EFBC}") = "MonoGameLibrary", "MonoGameLibrary\MonoGameLibrary.csproj", "{BCF2509A-3FE8-4E2C-9B54-3C2C7F21B6B5}"
EndProject
Global
	GlobalSection(SolutionConfigurationPlatforms) = preSolution
		Debug|Any CPU = Debug|Any CPU
		Release|Any CPU = Release|Any CPU
	EndGlobalSection
	GlobalSection(ProjectConfigurationPlatforms) = postSolution
		{FFBFA571-1DE1-81DB-8BAF-4C7CB40F6D65}.Debug|Any CPU.ActiveCfg = Debug|Any CPU
		{FFBFA571-1DE1-81DB-8BAF-4C7CB40F6D65}.Debug|Any CPU.Build.0 = Debug|Any CPU
		{FFBFA571-1DE1-81DB-8BAF-4C7CB40F6D65}.Release|Any CPU.ActiveCfg = Release|Any CPU
		{FFBFA571-1DE1-81DB-8BAF-4C7CB40F6D65}.Release|Any CPU.Build.0 = Release|Any CPU
		{BCF2509A-3FE8-4E2C-9B54-3C2C7F21B6B5}.Debug|Any CPU.ActiveCfg = Debug|Any CPU
		{BCF2509A-3FE8-4E2C-9B54-3C2C7F21B6B5}.Debug|Any CPU.Build.0 = Debug|Any CPU
		{BCF2509A-3FE8-4E2C-9B54-3C2C7F21B6B5}.Release|Any CPU.ActiveCfg = Release|Any CPU
		{BCF2509A-3FE8-4E2C-9B54-3C2C7F21B6B5}.Release|Any CPU.Build.0 = Release|Any CPU
	EndGlobalSection
	GlobalSection(SolutionProperties) = preSolution
		HideSolutionNode = FALSE
	EndGlobalSection
	GlobalSection(ExtensibilityGlobals) = postSolution
		SolutionGuid = {AB57F365-0E35-4E68-B3E2-CBE594187249}
	EndGlobalSection
EndGlobal
